
Microsoft Visual Studio Solution File, Format Version 12.00
# Visual Studio 15
VisualStudioVersion = 15.0.27428.2005
MinimumVisualStudioVersion = 10.0.40219.1
Project("{FAE04EC0-301F-11D3-BF4B-00C04F79EFBC}") = "HW_VS_BMI", "HW_VS_BMI\HW_VS_BMI.csproj", "{12E216BF-8B8A-4624-A2A6-5E8EAFE1B941}"
EndProject
Global
	GlobalSection(SolutionConfigurationPlatforms) = preSolution
		Debug|Any CPU = Debug|Any CPU
		Release|Any CPU = Release|Any CPU
	EndGlobalSection
	GlobalSection(ProjectConfigurationPlatforms) = postSolution
		{12E216BF-8B8A-4624-A2A6-5E8EAFE1B941}.Debug|Any CPU.ActiveCfg = Debug|Any CPU
		{12E216BF-8B8A-4624-A2A6-5E8EAFE1B941}.Debug|Any CPU.Build.0 = Debug|Any CPU
		{12E216BF-8B8A-4624-A2A6-5E8EAFE1B941}.Release|Any CPU.ActiveCfg = Release|Any CPU
		{12E216BF-8B8A-4624-A2A6-5E8EAFE1B941}.Release|Any CPU.Build.0 = Release|Any CPU
	EndGlobalSection
	GlobalSection(SolutionProperties) = preSolution
		HideSolutionNode = FALSE
	EndGlobalSection
	GlobalSection(ExtensibilityGlobals) = postSolution
		SolutionGuid = {CE5D5B57-E997-4CB8-8C79-537FF4376216}
	EndGlobalSection
EndGlobal
