
Microsoft Visual Studio Solution File, Format Version 12.00
# Visual Studio 15
VisualStudioVersion = 15.0.27428.2005
MinimumVisualStudioVersion = 10.0.40219.1
Project("{FAE04EC0-301F-11D3-BF4B-00C04F79EFBC}") = "HW_VS_number", "HW_VS_number\HW_VS_number.csproj", "{18094972-9CF4-4CA5-91E3-3C9143084F01}"
EndProject
Global
	GlobalSection(SolutionConfigurationPlatforms) = preSolution
		Debug|Any CPU = Debug|Any CPU
		Release|Any CPU = Release|Any CPU
	EndGlobalSection
	GlobalSection(ProjectConfigurationPlatforms) = postSolution
		{18094972-9CF4-4CA5-91E3-3C9143084F01}.Debug|Any CPU.ActiveCfg = Debug|Any CPU
		{18094972-9CF4-4CA5-91E3-3C9143084F01}.Debug|Any CPU.Build.0 = Debug|Any CPU
		{18094972-9CF4-4CA5-91E3-3C9143084F01}.Release|Any CPU.ActiveCfg = Release|Any CPU
		{18094972-9CF4-4CA5-91E3-3C9143084F01}.Release|Any CPU.Build.0 = Release|Any CPU
	EndGlobalSection
	GlobalSection(SolutionProperties) = preSolution
		HideSolutionNode = FALSE
	EndGlobalSection
	GlobalSection(ExtensibilityGlobals) = postSolution
		SolutionGuid = {C5FAFE30-4BAE-46B4-8C84-51994A596D5E}
	EndGlobalSection
EndGlobal
