
Microsoft Visual Studio Solution File, Format Version 12.00
# Visual Studio 15
VisualStudioVersion = 15.0.27428.2005
MinimumVisualStudioVersion = 10.0.40219.1
Project("{FAE04EC0-301F-11D3-BF4B-00C04F79EFBC}") = "HW_VS_Lotto", "HW_VS_Lotto\HW_VS_Lotto.csproj", "{626E09D6-44FB-49B9-9FB0-A2A9E80FAD91}"
EndProject
Global
	GlobalSection(SolutionConfigurationPlatforms) = preSolution
		Debug|Any CPU = Debug|Any CPU
		Release|Any CPU = Release|Any CPU
	EndGlobalSection
	GlobalSection(ProjectConfigurationPlatforms) = postSolution
		{626E09D6-44FB-49B9-9FB0-A2A9E80FAD91}.Debug|Any CPU.ActiveCfg = Debug|Any CPU
		{626E09D6-44FB-49B9-9FB0-A2A9E80FAD91}.Debug|Any CPU.Build.0 = Debug|Any CPU
		{626E09D6-44FB-49B9-9FB0-A2A9E80FAD91}.Release|Any CPU.ActiveCfg = Release|Any CPU
		{626E09D6-44FB-49B9-9FB0-A2A9E80FAD91}.Release|Any CPU.Build.0 = Release|Any CPU
	EndGlobalSection
	GlobalSection(SolutionProperties) = preSolution
		HideSolutionNode = FALSE
	EndGlobalSection
	GlobalSection(ExtensibilityGlobals) = postSolution
		SolutionGuid = {C4CAF93D-C41B-4FBB-9559-4DB4D52A2E7D}
	EndGlobalSection
EndGlobal
