
Microsoft Visual Studio Solution File, Format Version 12.00
# Visual Studio 15
VisualStudioVersion = 15.0.27428.2005
MinimumVisualStudioVersion = 10.0.40219.1
Project("{FAE04EC0-301F-11D3-BF4B-00C04F79EFBC}") = "HW_VS_9x9", "HW_VS_9x9\HW_VS_9x9.csproj", "{8A26A455-BC4D-414F-B654-89DFDC29FD1A}"
EndProject
Global
	GlobalSection(SolutionConfigurationPlatforms) = preSolution
		Debug|Any CPU = Debug|Any CPU
		Release|Any CPU = Release|Any CPU
	EndGlobalSection
	GlobalSection(ProjectConfigurationPlatforms) = postSolution
		{8A26A455-BC4D-414F-B654-89DFDC29FD1A}.Debug|Any CPU.ActiveCfg = Debug|Any CPU
		{8A26A455-BC4D-414F-B654-89DFDC29FD1A}.Debug|Any CPU.Build.0 = Debug|Any CPU
		{8A26A455-BC4D-414F-B654-89DFDC29FD1A}.Release|Any CPU.ActiveCfg = Release|Any CPU
		{8A26A455-BC4D-414F-B654-89DFDC29FD1A}.Release|Any CPU.Build.0 = Release|Any CPU
	EndGlobalSection
	GlobalSection(SolutionProperties) = preSolution
		HideSolutionNode = FALSE
	EndGlobalSection
	GlobalSection(ExtensibilityGlobals) = postSolution
		SolutionGuid = {F27FEF43-8715-4933-A1A3-CC2F0D51D0DF}
	EndGlobalSection
EndGlobal
