
Microsoft Visual Studio Solution File, Format Version 12.00
# Visual Studio 15
VisualStudioVersion = 15.0.27428.2005
MinimumVisualStudioVersion = 10.0.40219.1
Project("{FAE04EC0-301F-11D3-BF4B-00C04F79EFBC}") = "HW_VS_Random_cashbox", "HW_VS_Random_cashbox\HW_VS_Random_cashbox.csproj", "{7764C229-CF81-46DF-97CB-623D9942026B}"
EndProject
Global
	GlobalSection(SolutionConfigurationPlatforms) = preSolution
		Debug|Any CPU = Debug|Any CPU
		Release|Any CPU = Release|Any CPU
	EndGlobalSection
	GlobalSection(ProjectConfigurationPlatforms) = postSolution
		{7764C229-CF81-46DF-97CB-623D9942026B}.Debug|Any CPU.ActiveCfg = Debug|Any CPU
		{7764C229-CF81-46DF-97CB-623D9942026B}.Debug|Any CPU.Build.0 = Debug|Any CPU
		{7764C229-CF81-46DF-97CB-623D9942026B}.Release|Any CPU.ActiveCfg = Release|Any CPU
		{7764C229-CF81-46DF-97CB-623D9942026B}.Release|Any CPU.Build.0 = Release|Any CPU
	EndGlobalSection
	GlobalSection(SolutionProperties) = preSolution
		HideSolutionNode = FALSE
	EndGlobalSection
	GlobalSection(ExtensibilityGlobals) = postSolution
		SolutionGuid = {56E2FF43-D9D2-4754-AC22-391F4A233132}
	EndGlobalSection
EndGlobal
