
Microsoft Visual Studio Solution File, Format Version 12.00
# Visual Studio 15
VisualStudioVersion = 15.0.27428.2005
MinimumVisualStudioVersion = 10.0.40219.1
Project("{FAE04EC0-301F-11D3-BF4B-00C04F79EFBC}") = "HW_VS_palindromic", "HW_VS_palindromic\HW_VS_palindromic.csproj", "{C499CE5F-197D-4C03-A9D6-22C699CF7DCF}"
EndProject
Global
	GlobalSection(SolutionConfigurationPlatforms) = preSolution
		Debug|Any CPU = Debug|Any CPU
		Release|Any CPU = Release|Any CPU
	EndGlobalSection
	GlobalSection(ProjectConfigurationPlatforms) = postSolution
		{C499CE5F-197D-4C03-A9D6-22C699CF7DCF}.Debug|Any CPU.ActiveCfg = Debug|Any CPU
		{C499CE5F-197D-4C03-A9D6-22C699CF7DCF}.Debug|Any CPU.Build.0 = Debug|Any CPU
		{C499CE5F-197D-4C03-A9D6-22C699CF7DCF}.Release|Any CPU.ActiveCfg = Release|Any CPU
		{C499CE5F-197D-4C03-A9D6-22C699CF7DCF}.Release|Any CPU.Build.0 = Release|Any CPU
	EndGlobalSection
	GlobalSection(SolutionProperties) = preSolution
		HideSolutionNode = FALSE
	EndGlobalSection
	GlobalSection(ExtensibilityGlobals) = postSolution
		SolutionGuid = {F3E8D4EE-6EEA-4B16-850A-4FE69FCB4243}
	EndGlobalSection
EndGlobal
