
Microsoft Visual Studio Solution File, Format Version 12.00
# Visual Studio 15
VisualStudioVersion = 15.0.27428.2005
MinimumVisualStudioVersion = 10.0.40219.1
Project("{FAE04EC0-301F-11D3-BF4B-00C04F79EFBC}") = "HW_VS_File_save", "HW_VS_File_save\HW_VS_File_save.csproj", "{EA67327B-C6DD-4A42-ABF3-76A0ED92656C}"
EndProject
Global
	GlobalSection(SolutionConfigurationPlatforms) = preSolution
		Debug|Any CPU = Debug|Any CPU
		Release|Any CPU = Release|Any CPU
	EndGlobalSection
	GlobalSection(ProjectConfigurationPlatforms) = postSolution
		{EA67327B-C6DD-4A42-ABF3-76A0ED92656C}.Debug|Any CPU.ActiveCfg = Debug|Any CPU
		{EA67327B-C6DD-4A42-ABF3-76A0ED92656C}.Debug|Any CPU.Build.0 = Debug|Any CPU
		{EA67327B-C6DD-4A42-ABF3-76A0ED92656C}.Release|Any CPU.ActiveCfg = Release|Any CPU
		{EA67327B-C6DD-4A42-ABF3-76A0ED92656C}.Release|Any CPU.Build.0 = Release|Any CPU
	EndGlobalSection
	GlobalSection(SolutionProperties) = preSolution
		HideSolutionNode = FALSE
	EndGlobalSection
	GlobalSection(ExtensibilityGlobals) = postSolution
		SolutionGuid = {3949DA68-5E77-4A75-8096-DF94B61F5E9E}
	EndGlobalSection
EndGlobal
